
Microsoft Visual Studio Solution File, Format Version 11.00
# Visual Studio 2010
Project("{FAE04EC0-301F-11D3-BF4B-00C04F79EFBC}") = "WkHtmlToXSharp", "WkHtmlToXSharp\WkHtmlToXSharp.csproj", "{3DADECBF-6D08-4090-9A1D-2064D0466381}"
EndProject
Project("{2150E333-8FDC-42A3-9474-1A3956D46DE8}") = "Libs", "Libs", "{DE09F008-4955-4A7E-BA60-47605970285B}"
	ProjectSection(SolutionItems) = preProject
		Libs\Common.Logging.dll = Libs\Common.Logging.dll
		Libs\Common.Logging.Log4Net.dll = Libs\Common.Logging.Log4Net.dll
	EndProjectSection
EndProject
Global
	GlobalSection(SolutionConfigurationPlatforms) = preSolution
		Debug|Any CPU = Debug|Any CPU
		Release|Any CPU = Release|Any CPU
	EndGlobalSection
	GlobalSection(ProjectConfigurationPlatforms) = postSolution
		{3DADECBF-6D08-4090-9A1D-2064D0466381}.Debug|Any CPU.ActiveCfg = Debug|Any CPU
		{3DADECBF-6D08-4090-9A1D-2064D0466381}.Debug|Any CPU.Build.0 = Debug|Any CPU
		{3DADECBF-6D08-4090-9A1D-2064D0466381}.Release|Any CPU.ActiveCfg = Release|Any CPU
		{3DADECBF-6D08-4090-9A1D-2064D0466381}.Release|Any CPU.Build.0 = Release|Any CPU
	EndGlobalSection
	GlobalSection(SolutionProperties) = preSolution
		HideSolutionNode = FALSE
	EndGlobalSection
EndGlobal
